// !$*UTF8*$!
{
	archiveVersion = 1;
	classes = {
	};
	objectVersion = 46;
	objects = {

/* Begin PBXBuildFile section */
		BBEBC1C3FDE6AEBC2CBDE17D /* Pods_Geofitti.framework in Frameworks */ = {isa = PBXBuildFile; fileRef = 7F959437B711E13A745017C9 /* Pods_Geofitti.framework */; };
		CA24D6071D1F02CF0026DF48 /* AppDelegate.swift in Sources */ = {isa = PBXBuildFile; fileRef = CA24D6061D1F02CF0026DF48 /* AppDelegate.swift */; };
		CA24D6091D1F02CF0026DF48 /* SampleViewController.swift in Sources */ = {isa = PBXBuildFile; fileRef = CA24D6081D1F02CF0026DF48 /* SampleViewController.swift */; };
		CA24D60C1D1F02CF0026DF48 /* Main.storyboard in Resources */ = {isa = PBXBuildFile; fileRef = CA24D60A1D1F02CF0026DF48 /* Main.storyboard */; };
		CA24D60E1D1F02CF0026DF48 /* Assets.xcassets in Resources */ = {isa = PBXBuildFile; fileRef = CA24D60D1D1F02CF0026DF48 /* Assets.xcassets */; };
		CA24D6111D1F02CF0026DF48 /* LaunchScreen.storyboard in Resources */ = {isa = PBXBuildFile; fileRef = CA24D60F1D1F02CF0026DF48 /* LaunchScreen.storyboard */; };
		DD2D5CFD1D1F08130085982B /* WILLCore.framework in Frameworks */ = {isa = PBXBuildFile; fileRef = DD2D5CFC1D1F08130085982B /* WILLCore.framework */; };
		E78F15A01D1F24850025BE55 /* libc++.tbd in Frameworks */ = {isa = PBXBuildFile; fileRef = E78F159F1D1F24850025BE55 /* libc++.tbd */; };
		E78F15A21D1F24920025BE55 /* libz.tbd in Frameworks */ = {isa = PBXBuildFile; fileRef = E78F15A11D1F24920025BE55 /* libz.tbd */; };
		E78F15AA1D1F2C300025BE55 /* DrawView_BuildingPaths.m in Sources */ = {isa = PBXBuildFile; fileRef = E78F15A91D1F2C300025BE55 /* DrawView_BuildingPaths.m */; };
		E78F15B01D1F3C230025BE55 /* DrawView_DisplayingRasterImages.m in Sources */ = {isa = PBXBuildFile; fileRef = E78F15AF1D1F3C230025BE55 /* DrawView_DisplayingRasterImages.m */; };
		E78F15B21D1F3CDB0025BE55 /* pizza.png in Resources */ = {isa = PBXBuildFile; fileRef = E78F15B11D1F3CDB0025BE55 /* pizza.png */; };
		E7F48A881D1F506A0023D74A /* CameraViewController.swift in Sources */ = {isa = PBXBuildFile; fileRef = E7F48A871D1F506A0023D74A /* CameraViewController.swift */; };
/* End PBXBuildFile section */

/* Begin PBXFileReference section */
		1484B38EE15C986C8A200E31 /* Pods-Geofitti.release.xcconfig */ = {isa = PBXFileReference; includeInIndex = 1; lastKnownFileType = text.xcconfig; name = "Pods-Geofitti.release.xcconfig"; path = "Pods/Target Support Files/Pods-Geofitti/Pods-Geofitti.release.xcconfig"; sourceTree = "<group>"; };
		7F959437B711E13A745017C9 /* Pods_Geofitti.framework */ = {isa = PBXFileReference; explicitFileType = wrapper.framework; includeInIndex = 0; path = Pods_Geofitti.framework; sourceTree = BUILT_PRODUCTS_DIR; };
		CA24D6031D1F02CF0026DF48 /* Geofitti.app */ = {isa = PBXFileReference; explicitFileType = wrapper.application; includeInIndex = 0; path = Geofitti.app; sourceTree = BUILT_PRODUCTS_DIR; };
		CA24D6061D1F02CF0026DF48 /* AppDelegate.swift */ = {isa = PBXFileReference; lastKnownFileType = sourcecode.swift; path = AppDelegate.swift; sourceTree = "<group>"; };
		CA24D6081D1F02CF0026DF48 /* SampleViewController.swift */ = {isa = PBXFileReference; lastKnownFileType = sourcecode.swift; path = SampleViewController.swift; sourceTree = "<group>"; };
		CA24D60B1D1F02CF0026DF48 /* Base */ = {isa = PBXFileReference; lastKnownFileType = file.storyboard; name = Base; path = Base.lproj/Main.storyboard; sourceTree = "<group>"; };
		CA24D60D1D1F02CF0026DF48 /* Assets.xcassets */ = {isa = PBXFileReference; lastKnownFileType = folder.assetcatalog; path = Assets.xcassets; sourceTree = "<group>"; };
		CA24D6101D1F02CF0026DF48 /* Base */ = {isa = PBXFileReference; lastKnownFileType = file.storyboard; name = Base; path = Base.lproj/LaunchScreen.storyboard; sourceTree = "<group>"; };
		CA24D6121D1F02CF0026DF48 /* Info.plist */ = {isa = PBXFileReference; lastKnownFileType = text.plist.xml; path = Info.plist; sourceTree = "<group>"; };
		DD2D5CFC1D1F08130085982B /* WILLCore.framework */ = {isa = PBXFileReference; lastKnownFileType = wrapper.framework; path = WILLCore.framework; sourceTree = "<group>"; };
		E78F159F1D1F24850025BE55 /* libc++.tbd */ = {isa = PBXFileReference; lastKnownFileType = "sourcecode.text-based-dylib-definition"; name = "libc++.tbd"; path = "usr/lib/libc++.tbd"; sourceTree = SDKROOT; };
		E78F15A11D1F24920025BE55 /* libz.tbd */ = {isa = PBXFileReference; lastKnownFileType = "sourcecode.text-based-dylib-definition"; name = libz.tbd; path = usr/lib/libz.tbd; sourceTree = SDKROOT; };
		E78F15A71D1F29CD0025BE55 /* Geofitti-Bridging-Header.h */ = {isa = PBXFileReference; lastKnownFileType = sourcecode.c.h; path = "Geofitti-Bridging-Header.h"; sourceTree = "<group>"; };
		E78F15A81D1F2C2A0025BE55 /* DrawView_BuildingPaths.h */ = {isa = PBXFileReference; lastKnownFileType = sourcecode.c.h; path = DrawView_BuildingPaths.h; sourceTree = "<group>"; };
		E78F15A91D1F2C300025BE55 /* DrawView_BuildingPaths.m */ = {isa = PBXFileReference; fileEncoding = 4; lastKnownFileType = sourcecode.c.objc; path = DrawView_BuildingPaths.m; sourceTree = "<group>"; };
		E78F15AE1D1F3C1F0025BE55 /* DrawView_DisplayingRasterImages.h */ = {isa = PBXFileReference; lastKnownFileType = sourcecode.c.h; path = DrawView_DisplayingRasterImages.h; sourceTree = "<group>"; };
		E78F15AF1D1F3C230025BE55 /* DrawView_DisplayingRasterImages.m */ = {isa = PBXFileReference; fileEncoding = 4; lastKnownFileType = sourcecode.c.objc; path = DrawView_DisplayingRasterImages.m; sourceTree = "<group>"; };
		E78F15B11D1F3CDB0025BE55 /* pizza.png */ = {isa = PBXFileReference; lastKnownFileType = image.png; path = pizza.png; sourceTree = "<group>"; };
		E7F48A871D1F506A0023D74A /* CameraViewController.swift */ = {isa = PBXFileReference; fileEncoding = 4; lastKnownFileType = sourcecode.swift; path = CameraViewController.swift; sourceTree = "<group>"; };
		FD6655E6B14948B4727AAE5C /* Pods-Geofitti.debug.xcconfig */ = {isa = PBXFileReference; includeInIndex = 1; lastKnownFileType = text.xcconfig; name = "Pods-Geofitti.debug.xcconfig"; path = "Pods/Target Support Files/Pods-Geofitti/Pods-Geofitti.debug.xcconfig"; sourceTree = "<group>"; };
/* End PBXFileReference section */

/* Begin PBXFrameworksBuildPhase section */
		CA24D6001D1F02CF0026DF48 /* Frameworks */ = {
			isa = PBXFrameworksBuildPhase;
			buildActionMask = 2147483647;
			files = (
				E78F15A21D1F24920025BE55 /* libz.tbd in Frameworks */,
				E78F15A01D1F24850025BE55 /* libc++.tbd in Frameworks */,
				BBEBC1C3FDE6AEBC2CBDE17D /* Pods_Geofitti.framework in Frameworks */,
				DD2D5CFD1D1F08130085982B /* WILLCore.framework in Frameworks */,
			);
			runOnlyForDeploymentPostprocessing = 0;
		};
/* End PBXFrameworksBuildPhase section */

/* Begin PBXGroup section */
		18232E88E28F2A84D2ECE12E /* Frameworks */ = {
			isa = PBXGroup;
			children = (
				E78F15A11D1F24920025BE55 /* libz.tbd */,
				E78F159F1D1F24850025BE55 /* libc++.tbd */,
				7F959437B711E13A745017C9 /* Pods_Geofitti.framework */,
				DD2D5CFC1D1F08130085982B /* WILLCore.framework */,
			);
			name = Frameworks;
			sourceTree = "<group>";
		};
		CA24D5FA1D1F02CF0026DF48 = {
			isa = PBXGroup;
			children = (
				CA24D6051D1F02CF0026DF48 /* Geofitti */,
				CA24D6041D1F02CF0026DF48 /* Products */,
				D584A8B87C91A65FA8A54C17 /* Pods */,
				18232E88E28F2A84D2ECE12E /* Frameworks */,
			);
			sourceTree = "<group>";
		};
		CA24D6041D1F02CF0026DF48 /* Products */ = {
			isa = PBXGroup;
			children = (
				CA24D6031D1F02CF0026DF48 /* Geofitti.app */,
			);
			name = Products;
			sourceTree = "<group>";
		};
		CA24D6051D1F02CF0026DF48 /* Geofitti */ = {
			isa = PBXGroup;
			children = (
				CA24D6061D1F02CF0026DF48 /* AppDelegate.swift */,
				E78F15A71D1F29CD0025BE55 /* Geofitti-Bridging-Header.h */,
				E7F48A871D1F506A0023D74A /* CameraViewController.swift */,
				E78F15B31D1F3D410025BE55 /* DrawView_DisplayingRasterImages */,
				E78F15AB1D1F31040025BE55 /* DrawView_BuildingPaths */,
				CA24D6081D1F02CF0026DF48 /* SampleViewController.swift */,
				CA24D60A1D1F02CF0026DF48 /* Main.storyboard */,
				CA24D60D1D1F02CF0026DF48 /* Assets.xcassets */,
				CA24D60F1D1F02CF0026DF48 /* LaunchScreen.storyboard */,
				CA24D6121D1F02CF0026DF48 /* Info.plist */,
				E78F15B11D1F3CDB0025BE55 /* pizza.png */,
			);
			path = Geofitti;
			sourceTree = "<group>";
		};
		D584A8B87C91A65FA8A54C17 /* Pods */ = {
			isa = PBXGroup;
			children = (
				FD6655E6B14948B4727AAE5C /* Pods-Geofitti.debug.xcconfig */,
				1484B38EE15C986C8A200E31 /* Pods-Geofitti.release.xcconfig */,
			);
			name = Pods;
			sourceTree = "<group>";
		};
		E78F15AB1D1F31040025BE55 /* DrawView_BuildingPaths */ = {
			isa = PBXGroup;
			children = (
				E78F15A81D1F2C2A0025BE55 /* DrawView_BuildingPaths.h */,
				E78F15A91D1F2C300025BE55 /* DrawView_BuildingPaths.m */,
			);
			name = DrawView_BuildingPaths;
			sourceTree = "<group>";
		};
		E78F15B31D1F3D410025BE55 /* DrawView_DisplayingRasterImages */ = {
			isa = PBXGroup;
			children = (
				E78F15AF1D1F3C230025BE55 /* DrawView_DisplayingRasterImages.m */,
				E78F15AE1D1F3C1F0025BE55 /* DrawView_DisplayingRasterImages.h */,
			);
			name = DrawView_DisplayingRasterImages;
			sourceTree = "<group>";
		};
/* End PBXGroup section */

/* Begin PBXNativeTarget section */
		CA24D6021D1F02CF0026DF48 /* Geofitti */ = {
			isa = PBXNativeTarget;
			buildConfigurationList = CA24D6151D1F02CF0026DF48 /* Build configuration list for PBXNativeTarget "Geofitti" */;
			buildPhases = (
				AE4806BFC2D493DEA52CC5AF /* [CP] Check Pods Manifest.lock */,
				CA24D5FF1D1F02CF0026DF48 /* Sources */,
				CA24D6001D1F02CF0026DF48 /* Frameworks */,
				CA24D6011D1F02CF0026DF48 /* Resources */,
				59B7BF49DA7DC571BC0863E5 /* [CP] Embed Pods Frameworks */,
				2421ADA854A0B197C7C385B8 /* [CP] Copy Pods Resources */,
			);
			buildRules = (
			);
			dependencies = (
			);
			name = Geofitti;
			productName = Geofitti;
			productReference = CA24D6031D1F02CF0026DF48 /* Geofitti.app */;
			productType = "com.apple.product-type.application";
		};
/* End PBXNativeTarget section */

/* Begin PBXProject section */
		CA24D5FB1D1F02CF0026DF48 /* Project object */ = {
			isa = PBXProject;
			attributes = {
				LastSwiftUpdateCheck = 0730;
				LastUpgradeCheck = 0730;
				ORGANIZATIONNAME = Geofitti;
				TargetAttributes = {
					CA24D6021D1F02CF0026DF48 = {
						CreatedOnToolsVersion = 7.3.1;
						DevelopmentTeam = CRQLR7R8J3;
					};
				};
			};
			buildConfigurationList = CA24D5FE1D1F02CF0026DF48 /* Build configuration list for PBXProject "Geofitti" */;
			compatibilityVersion = "Xcode 3.2";
			developmentRegion = English;
			hasScannedForEncodings = 0;
			knownRegions = (
				en,
				Base,
			);
			mainGroup = CA24D5FA1D1F02CF0026DF48;
			productRefGroup = CA24D6041D1F02CF0026DF48 /* Products */;
			projectDirPath = "";
			projectRoot = "";
			targets = (
				CA24D6021D1F02CF0026DF48 /* Geofitti */,
			);
		};
/* End PBXProject section */

/* Begin PBXResourcesBuildPhase section */
		CA24D6011D1F02CF0026DF48 /* Resources */ = {
			isa = PBXResourcesBuildPhase;
			buildActionMask = 2147483647;
			files = (
				CA24D6111D1F02CF0026DF48 /* LaunchScreen.storyboard in Resources */,
				CA24D60E1D1F02CF0026DF48 /* Assets.xcassets in Resources */,
				E78F15B21D1F3CDB0025BE55 /* pizza.png in Resources */,
				CA24D60C1D1F02CF0026DF48 /* Main.storyboard in Resources */,
			);
			runOnlyForDeploymentPostprocessing = 0;
		};
/* End PBXResourcesBuildPhase section */

/* Begin PBXShellScriptBuildPhase section */
		2421ADA854A0B197C7C385B8 /* [CP] Copy Pods Resources */ = {
			isa = PBXShellScriptBuildPhase;
			buildActionMask = 2147483647;
			files = (
			);
			inputPaths = (
			);
			name = "[CP] Copy Pods Resources";
			outputPaths = (
			);
			runOnlyForDeploymentPostprocessing = 0;
			shellPath = /bin/sh;
			shellScript = "\"${SRCROOT}/Pods/Target Support Files/Pods-Geofitti/Pods-Geofitti-resources.sh\"\n";
			showEnvVarsInLog = 0;
		};
		59B7BF49DA7DC571BC0863E5 /* [CP] Embed Pods Frameworks */ = {
			isa = PBXShellScriptBuildPhase;
			buildActionMask = 2147483647;
			files = (
			);
			inputPaths = (
			);
			name = "[CP] Embed Pods Frameworks";
			outputPaths = (
			);
			runOnlyForDeploymentPostprocessing = 0;
			shellPath = /bin/sh;
			shellScript = "\"${SRCROOT}/Pods/Target Support Files/Pods-Geofitti/Pods-Geofitti-frameworks.sh\"\n";
			showEnvVarsInLog = 0;
		};
		AE4806BFC2D493DEA52CC5AF /* [CP] Check Pods Manifest.lock */ = {
			isa = PBXShellScriptBuildPhase;
			buildActionMask = 2147483647;
			files = (
			);
			inputPaths = (
			);
			name = "[CP] Check Pods Manifest.lock";
			outputPaths = (
			);
			runOnlyForDeploymentPostprocessing = 0;
			shellPath = /bin/sh;
			shellScript = "diff \"${PODS_ROOT}/../Podfile.lock\" \"${PODS_ROOT}/Manifest.lock\" > /dev/null\nif [[ $? != 0 ]] ; then\n    cat << EOM\nerror: The sandbox is not in sync with the Podfile.lock. Run 'pod install' or update your CocoaPods installation.\nEOM\n    exit 1\nfi\n";
			showEnvVarsInLog = 0;
		};
/* End PBXShellScriptBuildPhase section */

/* Begin PBXSourcesBuildPhase section */
		CA24D5FF1D1F02CF0026DF48 /* Sources */ = {
			isa = PBXSourcesBuildPhase;
			buildActionMask = 2147483647;
			files = (
				E78F15AA1D1F2C300025BE55 /* DrawView_BuildingPaths.m in Sources */,
				E78F15B01D1F3C230025BE55 /* DrawView_DisplayingRasterImages.m in Sources */,
				CA24D6091D1F02CF0026DF48 /* SampleViewController.swift in Sources */,
				CA24D6071D1F02CF0026DF48 /* AppDelegate.swift in Sources */,
				E7F48A881D1F506A0023D74A /* CameraViewController.swift in Sources */,
			);
			runOnlyForDeploymentPostprocessing = 0;
		};
/* End PBXSourcesBuildPhase section */

/* Begin PBXVariantGroup section */
		CA24D60A1D1F02CF0026DF48 /* Main.storyboard */ = {
			isa = PBXVariantGroup;
			children = (
				CA24D60B1D1F02CF0026DF48 /* Base */,
			);
			name = Main.storyboard;
			sourceTree = "<group>";
		};
		CA24D60F1D1F02CF0026DF48 /* LaunchScreen.storyboard */ = {
			isa = PBXVariantGroup;
			children = (
				CA24D6101D1F02CF0026DF48 /* Base */,
			);
			name = LaunchScreen.storyboard;
			sourceTree = "<group>";
		};
/* End PBXVariantGroup section */

/* Begin XCBuildConfiguration section */
		CA24D6131D1F02CF0026DF48 /* Debug */ = {
			isa = XCBuildConfiguration;
			buildSettings = {
				ALWAYS_SEARCH_USER_PATHS = NO;
				CLANG_ANALYZER_NONNULL = YES;
				CLANG_CXX_LANGUAGE_STANDARD = "gnu++0x";
				CLANG_CXX_LIBRARY = "libc++";
				CLANG_ENABLE_MODULES = YES;
				CLANG_ENABLE_OBJC_ARC = YES;
				CLANG_WARN_BOOL_CONVERSION = YES;
				CLANG_WARN_CONSTANT_CONVERSION = YES;
				CLANG_WARN_DIRECT_OBJC_ISA_USAGE = YES_ERROR;
				CLANG_WARN_EMPTY_BODY = YES;
				CLANG_WARN_ENUM_CONVERSION = YES;
				CLANG_WARN_INT_CONVERSION = YES;
				CLANG_WARN_OBJC_ROOT_CLASS = YES_ERROR;
				CLANG_WARN_UNREACHABLE_CODE = YES;
				CLANG_WARN__DUPLICATE_METHOD_MATCH = YES;
				"CODE_SIGN_IDENTITY[sdk=iphoneos*]" = "iPhone Developer";
				COPY_PHASE_STRIP = NO;
				DEBUG_INFORMATION_FORMAT = dwarf;
				ENABLE_STRICT_OBJC_MSGSEND = YES;
				ENABLE_TESTABILITY = YES;
				GCC_C_LANGUAGE_STANDARD = gnu99;
				GCC_DYNAMIC_NO_PIC = NO;
				GCC_NO_COMMON_BLOCKS = YES;
				GCC_OPTIMIZATION_LEVEL = 0;
				GCC_PREPROCESSOR_DEFINITIONS = (
					"DEBUG=1",
					"$(inherited)",
				);
				GCC_WARN_64_TO_32_BIT_CONVERSION = YES;
				GCC_WARN_ABOUT_RETURN_TYPE = YES_ERROR;
				GCC_WARN_UNDECLARED_SELECTOR = YES;
				GCC_WARN_UNINITIALIZED_AUTOS = YES_AGGRESSIVE;
				GCC_WARN_UNUSED_FUNCTION = YES;
				GCC_WARN_UNUSED_VARIABLE = YES;
				IPHONEOS_DEPLOYMENT_TARGET = 9.3;
				MTL_ENABLE_DEBUG_INFO = YES;
				ONLY_ACTIVE_ARCH = YES;
				SDKROOT = iphoneos;
				SWIFT_OPTIMIZATION_LEVEL = "-Onone";
			};
			name = Debug;
		};
		CA24D6141D1F02CF0026DF48 /* Release */ = {
			isa = XCBuildConfiguration;
			buildSettings = {
				ALWAYS_SEARCH_USER_PATHS = NO;
				CLANG_ANALYZER_NONNULL = YES;
				CLANG_CXX_LANGUAGE_STANDARD = "gnu++0x";
				CLANG_CXX_LIBRARY = "libc++";
				CLANG_ENABLE_MODULES = YES;
				CLANG_ENABLE_OBJC_ARC = YES;
				CLANG_WARN_BOOL_CONVERSION = YES;
				CLANG_WARN_CONSTANT_CONVERSION = YES;
				CLANG_WARN_DIRECT_OBJC_ISA_USAGE = YES_ERROR;
				CLANG_WARN_EMPTY_BODY = YES;
				CLANG_WARN_ENUM_CONVERSION = YES;
				CLANG_WARN_INT_CONVERSION = YES;
				CLANG_WARN_OBJC_ROOT_CLASS = YES_ERROR;
				CLANG_WARN_UNREACHABLE_CODE = YES;
				CLANG_WARN__DUPLICATE_METHOD_MATCH = YES;
				"CODE_SIGN_IDENTITY[sdk=iphoneos*]" = "iPhone Developer";
				COPY_PHASE_STRIP = NO;
				DEBUG_INFORMATION_FORMAT = "dwarf-with-dsym";
				ENABLE_NS_ASSERTIONS = NO;
				ENABLE_STRICT_OBJC_MSGSEND = YES;
				GCC_C_LANGUAGE_STANDARD = gnu99;
				GCC_NO_COMMON_BLOCKS = YES;
				GCC_WARN_64_TO_32_BIT_CONVERSION = YES;
				GCC_WARN_ABOUT_RETURN_TYPE = YES_ERROR;
				GCC_WARN_UNDECLARED_SELECTOR = YES;
				GCC_WARN_UNINITIALIZED_AUTOS = YES_AGGRESSIVE;
				GCC_WARN_UNUSED_FUNCTION = YES;
				GCC_WARN_UNUSED_VARIABLE = YES;
				IPHONEOS_DEPLOYMENT_TARGET = 9.3;
				MTL_ENABLE_DEBUG_INFO = NO;
				SDKROOT = iphoneos;
				VALIDATE_PRODUCT = YES;
			};
			name = Release;
		};
		CA24D6161D1F02CF0026DF48 /* Debug */ = {
			isa = XCBuildConfiguration;
			baseConfigurationReference = FD6655E6B14948B4727AAE5C /* Pods-Geofitti.debug.xcconfig */;
			buildSettings = {
				ASSETCATALOG_COMPILER_APPICON_NAME = AppIcon;
				CODE_SIGN_IDENTITY = "iPhone Developer";
				"CODE_SIGN_IDENTITY[sdk=iphoneos*]" = "iPhone Developer";
				FRAMEWORK_SEARCH_PATHS = (
					"$(inherited)",
					"$(PROJECT_DIR)/Pods",
					"$(PROJECT_DIR)",
				);
				INFOPLIST_FILE = Geofitti/Info.plist;
				LD_RUNPATH_SEARCH_PATHS = "$(inherited) @executable_path/Frameworks";
				PRODUCT_BUNDLE_IDENTIFIER = com.geofitti.Geofitti;
				PRODUCT_NAME = "$(TARGET_NAME)";
				PROVISIONING_PROFILE = "";
				SWIFT_OBJC_BRIDGING_HEADER = "Geofitti/Geofitti-Bridging-Header.h";
			};
			name = Debug;
		};
		CA24D6171D1F02CF0026DF48 /* Release */ = {
			isa = XCBuildConfiguration;
			baseConfigurationReference = 1484B38EE15C986C8A200E31 /* Pods-Geofitti.release.xcconfig */;
			buildSettings = {
				ASSETCATALOG_COMPILER_APPICON_NAME = AppIcon;
				CODE_SIGN_IDENTITY = "iPhone Developer";
				"CODE_SIGN_IDENTITY[sdk=iphoneos*]" = "iPhone Developer";
				FRAMEWORK_SEARCH_PATHS = (
					"$(inherited)",
					"$(PROJECT_DIR)/Pods",
					"$(PROJECT_DIR)",
				);
				INFOPLIST_FILE = Geofitti/Info.plist;
				LD_RUNPATH_SEARCH_PATHS = "$(inherited) @executable_path/Frameworks";
				PRODUCT_BUNDLE_IDENTIFIER = com.geofitti.Geofitti;
				PRODUCT_NAME = "$(TARGET_NAME)";
				PROVISIONING_PROFILE = "";
				SWIFT_OBJC_BRIDGING_HEADER = "Geofitti/Geofitti-Bridging-Header.h";
			};
			name = Release;
		};
/* End XCBuildConfiguration section */

/* Begin XCConfigurationList section */
		CA24D5FE1D1F02CF0026DF48 /* Build configuration list for PBXProject "Geofitti" */ = {
			isa = XCConfigurationList;
			buildConfigurations = (
				CA24D6131D1F02CF0026DF48 /* Debug */,
				CA24D6141D1F02CF0026DF48 /* Release */,
			);
			defaultConfigurationIsVisible = 0;
			defaultConfigurationName = Release;
		};
		CA24D6151D1F02CF0026DF48 /* Build configuration list for PBXNativeTarget "Geofitti" */ = {
			isa = XCConfigurationList;
			buildConfigurations = (
				CA24D6161D1F02CF0026DF48 /* Debug */,
				CA24D6171D1F02CF0026DF48 /* Release */,
			);
			defaultConfigurationIsVisible = 0;
			defaultConfigurationName = Release;
		};
/* End XCConfigurationList section */
	};
	rootObject = CA24D5FB1D1F02CF0026DF48 /* Project object */;
}
